<?xml version="1.0" encoding="utf-8"?>
<Project ToolsVersion="4.0" xmlns="http://schemas.microsoft.com/developer/msbuild/2003">
  <ItemGroup>
    <Filter Include="Source Files">
      <UniqueIdentifier>{3ace18e5-d66f-4adf-826c-2d963d852733}</UniqueIdentifier>
      <Extensions>cpp;c;cxx;rc;def;r;odl;idl;hpj;bat</Extensions>
    </Filter>
    <Filter Include="Header Files">
      <UniqueIdentifier>{10aea467-5648-4017-bbc3-601580391747}</UniqueIdentifier>
      <Extensions>h;hpp;hxx;hm;inl</Extensions>
    </Filter>
    <Filter Include="Resource Files">
      <UniqueIdentifier>{920c9b73-c94e-4e92-aa52-b6efeabad7f8}</UniqueIdentifier>
      <Extensions>ico;cur;bmp;dlg;rc2;rct;bin;cnt;rtf;gif;jpg;jpeg;jpe</Extensions>
    </Filter>
    <Filter Include="Support">
      <UniqueIdentifier>{41bbb1fa-bd36-40b9-8410-b5979413581b}</UniqueIdentifier>
    </Filter>
  </ItemGroup>
  <ItemGroup>
    <ClCompile Include="ConfigDialog.cpp">
      <Filter>Source Files</Filter>
    </ClCompile>
    <ClCompile Include="ConfigPropertySheet.cpp">
      <Filter>Source Files</Filter>
    </ClCompile>
    <ClCompile Include="ControlPanelExe.cpp">
      <Filter>Source Files</Filter>
    </ClCompile>
    <ClCompile Include="FirstPage.cpp">
      <Filter>Source Files</Filter>
    </ClCompile>
    <ClCompile Include="FourthPage.cpp">
      <Filter>Source Files</Filter>
    </ClCompile>
    <ClCompile Include="SecondPage.cpp">
      <Filter>Source Files</Filter>
    </ClCompile>
    <ClCompile Include="SharedSecret.cpp">
      <Filter>Source Files</Filter>
    </ClCompile>
    <ClCompile Include="stdafx.cpp">
      <Filter>Source Files</Filter>
    </ClCompile>
    <ClCompile Include="ThirdPage.cpp">
      <Filter>Source Files</Filter>
    </ClCompile>
    <ClCompile Include="..\..\mDNSShared\DebugServices.c">
      <Filter>Support</Filter>
    </ClCompile>
    <ClCompile Include="..\Secret.c">
      <Filter>Support</Filter>
    </ClCompile>
    <ClCompile Include="..\WinServices.cpp">
      <Filter>Support</Filter>
    </ClCompile>
  </ItemGroup>
  <ItemGroup>
    <ClInclude Include="ConfigDialog.h">
      <Filter>Header Files</Filter>
    </ClInclude>
    <ClInclude Include="ConfigPropertySheet.h">
      <Filter>Header Files</Filter>
    </ClInclude>
    <ClInclude Include="ControlPanelExe.h">
      <Filter>Header Files</Filter>
    </ClInclude>
    <ClInclude Include="FirstPage.h">
      <Filter>Header Files</Filter>
    </ClInclude>
    <ClInclude Include="FourthPage.h">
      <Filter>Header Files</Filter>
    </ClInclude>
    <ClInclude Include="Resource.h">
      <Filter>Header Files</Filter>
    </ClInclude>
    <ClInclude Include="SecondPage.h">
      <Filter>Header Files</Filter>
    </ClInclude>
    <ClInclude Include="SharedSecret.h">
      <Filter>Header Files</Filter>
    </ClInclude>
    <ClInclude Include="stdafx.h">
      <Filter>Header Files</Filter>
    </ClInclude>
    <ClInclude Include="ThirdPage.h">
      <Filter>Header Files</Filter>
    </ClInclude>
    <ClInclude Include="..\..\mDNSShared\CommonServices.h">
      <Filter>Support</Filter>
    </ClInclude>
    <ClInclude Include="..\..\mDNSShared\DebugServices.h">
      <Filter>Support</Filter>
    </ClInclude>
    <ClInclude Include="..\..\mDNSShared\dns_sd.h">
      <Filter>Support</Filter>
    </ClInclude>
    <ClInclude Include="..\Secret.h">
      <Filter>Support</Filter>
    </ClInclude>
    <ClInclude Include="..\WinServices.h">
      <Filter>Support</Filter>
    </ClInclude>
  </ItemGroup>
  <ItemGroup>
    <Image Include="res\configurator.ico">
      <Filter>Resource Files</Filter>
    </Image>
    <Image Include="res\controlpanel.ico">
      <Filter>Resource Files</Filter>
    </Image>
    <Image Include="res\failure.ico">
      <Filter>Resource Files</Filter>
    </Image>
    <Image Include="res\success.ico">
      <Filter>Resource Files</Filter>
    </Image>
  </ItemGroup>
  <ItemGroup>
    <None Include="res\ControlPanel.rc2">
      <Filter>Resource Files</Filter>
    </None>
  </ItemGroup>
  <ItemGroup>
    <ResourceCompile Include="ControlPanelExe.rc">
      <Filter>Resource Files</Filter>
    </ResourceCompile>
  </ItemGroup>
</Project>