<?xml version="1.0" encoding="utf-8"?>
<Project ToolsVersion="4.0" xmlns="http://schemas.microsoft.com/developer/msbuild/2003">
  <ItemGroup>
    <Filter Include="Source Files">
      <UniqueIdentifier>{e8cc0a7c-689c-4e24-a7ac-d9d1e490c5aa}</UniqueIdentifier>
      <Extensions>cpp;c;cxx;rc;def;r;odl;idl;hpj;bat</Extensions>
    </Filter>
    <Filter Include="Header Files">
      <UniqueIdentifier>{efd9a82c-8756-4442-b86a-cbd966cfe656}</UniqueIdentifier>
      <Extensions>h;hpp;hxx;hm;inl</Extensions>
    </Filter>
    <Filter Include="Resource Files">
      <UniqueIdentifier>{9eac8fe5-1138-4c93-a269-1e04fd7ea965}</UniqueIdentifier>
      <Extensions>ico;cur;bmp;dlg;rc2;rct;bin;cnt;rtf;gif;jpg;jpeg;jpe</Extensions>
    </Filter>
    <Filter Include="Support">
      <UniqueIdentifier>{dfd7ab27-b910-472d-b157-59e6c0feba52}</UniqueIdentifier>
    </Filter>
  </ItemGroup>
  <ItemGroup>
    <ClCompile Include="ConfigDialog.cpp">
      <Filter>Source Files</Filter>
    </ClCompile>
    <ClCompile Include="ConfigPropertySheet.cpp">
      <Filter>Source Files</Filter>
    </ClCompile>
    <ClCompile Include="ControlPanel.cpp">
      <Filter>Source Files</Filter>
    </ClCompile>
    <ClCompile Include="FirstPage.cpp">
      <Filter>Source Files</Filter>
    </ClCompile>
    <ClCompile Include="FourthPage.cpp">
      <Filter>Source Files</Filter>
    </ClCompile>
    <ClCompile Include="SecondPage.cpp">
      <Filter>Source Files</Filter>
    </ClCompile>
    <ClCompile Include="SharedSecret.cpp">
      <Filter>Source Files</Filter>
    </ClCompile>
    <ClCompile Include="stdafx.cpp">
      <Filter>Source Files</Filter>
    </ClCompile>
    <ClCompile Include="ThirdPage.cpp">
      <Filter>Source Files</Filter>
    </ClCompile>
    <ClCompile Include="..\..\mDNSShared\DebugServices.c">
      <Filter>Support</Filter>
    </ClCompile>
    <ClCompile Include="..\Secret.c">
      <Filter>Support</Filter>
    </ClCompile>
    <ClCompile Include="..\WinServices.cpp">
      <Filter>Support</Filter>
    </ClCompile>
  </ItemGroup>
  <ItemGroup>
    <None Include="ControlPanel.def">
      <Filter>Source Files</Filter>
    </None>
    <None Include="res\ControlPanel.rc2">
      <Filter>Resource Files</Filter>
    </None>
  </ItemGroup>
  <ItemGroup>
    <ClInclude Include="ConfigDialog.h">
      <Filter>Header Files</Filter>
    </ClInclude>
    <ClInclude Include="ConfigPropertySheet.h">
      <Filter>Header Files</Filter>
    </ClInclude>
    <ClInclude Include="ControlPanel.h">
      <Filter>Header Files</Filter>
    </ClInclude>
    <ClInclude Include="FirstPage.h">
      <Filter>Header Files</Filter>
    </ClInclude>
    <ClInclude Include="FourthPage.h">
      <Filter>Header Files</Filter>
    </ClInclude>
    <ClInclude Include="Resource.h">
      <Filter>Header Files</Filter>
    </ClInclude>
    <ClInclude Include="SecondPage.h">
      <Filter>Header Files</Filter>
    </ClInclude>
    <ClInclude Include="SharedSecret.h">
      <Filter>Header Files</Filter>
    </ClInclude>
    <ClInclude Include="stdafx.h">
      <Filter>Header Files</Filter>
    </ClInclude>
    <ClInclude Include="ThirdPage.h">
      <Filter>Header Files</Filter>
    </ClInclude>
    <ClInclude Include="..\..\mDNSShared\CommonServices.h">
      <Filter>Support</Filter>
    </ClInclude>
    <ClInclude Include="..\..\mDNSShared\DebugServices.h">
      <Filter>Support</Filter>
    </ClInclude>
    <ClInclude Include="..\..\mDNSShared\dns_sd.h">
      <Filter>Support</Filter>
    </ClInclude>
    <ClInclude Include="..\Secret.h">
      <Filter>Support</Filter>
    </ClInclude>
    <ClInclude Include="..\WinServices.h">
      <Filter>Support</Filter>
    </ClInclude>
  </ItemGroup>
  <ItemGroup>
    <Image Include="res\configurator.ico">
      <Filter>Resource Files</Filter>
    </Image>
    <Image Include="res\controlpanel.ico">
      <Filter>Resource Files</Filter>
    </Image>
    <Image Include="res\failure.ico">
      <Filter>Resource Files</Filter>
    </Image>
    <Image Include="res\success.ico">
      <Filter>Resource Files</Filter>
    </Image>
  </ItemGroup>
  <ItemGroup>
    <ResourceCompile Include="ControlPanelDll.rc">
      <Filter>Resource Files</Filter>
    </ResourceCompile>
  </ItemGroup>
</Project>